
Microsoft Visual Studio Solution File, Format Version 12.00
# Visual Studio 15
VisualStudioVersion = 15.0.28010.2036
MinimumVisualStudioVersion = 10.0.40219.1
Project("{FAE04EC0-301F-11D3-BF4B-00C04F79EFBC}") = "ToDoList", "ToDoList\ToDoList.csproj", "{1B5C1477-BF9B-48BA-A1A0-41B0099CCAA1}"
EndProject
Global
	GlobalSection(SolutionConfigurationPlatforms) = preSolution
		Debug|x86 = Debug|x86
		Release|x86 = Release|x86
	EndGlobalSection
	GlobalSection(ProjectConfigurationPlatforms) = postSolution
		{1B5C1477-BF9B-48BA-A1A0-41B0099CCAA1}.Debug|x86.ActiveCfg = Debug|x86
		{1B5C1477-BF9B-48BA-A1A0-41B0099CCAA1}.Debug|x86.Build.0 = Debug|x86
		{1B5C1477-BF9B-48BA-A1A0-41B0099CCAA1}.Release|x86.ActiveCfg = Release|x86
		{1B5C1477-BF9B-48BA-A1A0-41B0099CCAA1}.Release|x86.Build.0 = Release|x86
	EndGlobalSection
	GlobalSection(SolutionProperties) = preSolution
		HideSolutionNode = FALSE
	EndGlobalSection
	GlobalSection(ExtensibilityGlobals) = postSolution
		SolutionGuid = {15759C2F-8A72-4F69-8714-FE3F2338DC46}
	EndGlobalSection
EndGlobal
